// !$*UTF8*$!
{
	archiveVersion = 1;
	classes = {
	};
	objectVersion = 46;
	objects = {

/* Begin PBXBuildFile section */
		FF4596691CB90B270052579B /* AppDelegate.swift in Sources */ = {isa = PBXBuildFile; fileRef = FF4596681CB90B270052579B /* AppDelegate.swift */; };
		FF45966B1CB90B270052579B /* MasterViewController.swift in Sources */ = {isa = PBXBuildFile; fileRef = FF45966A1CB90B270052579B /* MasterViewController.swift */; };
		FF45966D1CB90B270052579B /* DetailViewController.swift in Sources */ = {isa = PBXBuildFile; fileRef = FF45966C1CB90B270052579B /* DetailViewController.swift */; };
		FF4596701CB90B270052579B /* Main.storyboard in Resources */ = {isa = PBXBuildFile; fileRef = FF45966E1CB90B270052579B /* Main.storyboard */; };
		FF4596721CB90B270052579B /* Assets.xcassets in Resources */ = {isa = PBXBuildFile; fileRef = FF4596711CB90B270052579B /* Assets.xcassets */; };
		FF4596751CB90B270052579B /* LaunchScreen.storyboard in Resources */ = {isa = PBXBuildFile; fileRef = FF4596731CB90B270052579B /* LaunchScreen.storyboard */; };
/* End PBXBuildFile section */

/* Begin PBXFileReference section */
		FF4596651CB90B260052579B /* JenkinsDemo.app */ = {isa = PBXFileReference; explicitFileType = wrapper.application; includeInIndex = 0; path = JenkinsDemo.app; sourceTree = BUILT_PRODUCTS_DIR; };
		FF4596681CB90B270052579B /* AppDelegate.swift */ = {isa = PBXFileReference; lastKnownFileType = sourcecode.swift; path = AppDelegate.swift; sourceTree = "<group>"; };
		FF45966A1CB90B270052579B /* MasterViewController.swift */ = {isa = PBXFileReference; lastKnownFileType = sourcecode.swift; path = MasterViewController.swift; sourceTree = "<group>"; };
		FF45966C1CB90B270052579B /* DetailViewController.swift */ = {isa = PBXFileReference; lastKnownFileType = sourcecode.swift; path = DetailViewController.swift; sourceTree = "<group>"; };
		FF45966F1CB90B270052579B /* Base */ = {isa = PBXFileReference; lastKnownFileType = file.storyboard; name = Base; path = Base.lproj/Main.storyboard; sourceTree = "<group>"; };
		FF4596711CB90B270052579B /* Assets.xcassets */ = {isa = PBXFileReference; lastKnownFileType = folder.assetcatalog; path = Assets.xcassets; sourceTree = "<group>"; };
		FF4596741CB90B270052579B /* Base */ = {isa = PBXFileReference; lastKnownFileType = file.storyboard; name = Base; path = Base.lproj/LaunchScreen.storyboard; sourceTree = "<group>"; };
		FF4596761CB90B270052579B /* Info.plist */ = {isa = PBXFileReference; lastKnownFileType = text.plist.xml; path = Info.plist; sourceTree = "<group>"; };
/* End PBXFileReference section */

/* Begin PBXFrameworksBuildPhase section */
		FF4596621CB90B260052579B /* Frameworks */ = {
			isa = PBXFrameworksBuildPhase;
			buildActionMask = 2147483647;
			files = (
			);
			runOnlyForDeploymentPostprocessing = 0;
		};
/* End PBXFrameworksBuildPhase section */

/* Begin PBXGroup section */
		FF45965C1CB90B260052579B = {
			isa = PBXGroup;
			children = (
				FF4596671CB90B260052579B /* JenkinsDemo */,
				FF4596661CB90B260052579B /* Products */,
			);
			sourceTree = "<group>";
		};
		FF4596661CB90B260052579B /* Products */ = {
			isa = PBXGroup;
			children = (
				FF4596651CB90B260052579B /* JenkinsDemo.app */,
			);
			name = Products;
			sourceTree = "<group>";
		};
		FF4596671CB90B260052579B /* JenkinsDemo */ = {
			isa = PBXGroup;
			children = (
				FF4596681CB90B270052579B /* AppDelegate.swift */,
				FF45966A1CB90B270052579B /* MasterViewController.swift */,
				FF45966C1CB90B270052579B /* DetailViewController.swift */,
				FF45966E1CB90B270052579B /* Main.storyboard */,
				FF4596711CB90B270052579B /* Assets.xcassets */,
				FF4596731CB90B270052579B /* LaunchScreen.storyboard */,
				FF4596761CB90B270052579B /* Info.plist */,
			);
			path = JenkinsDemo;
			sourceTree = "<group>";
		};
/* End PBXGroup section */

/* Begin PBXNativeTarget section */
		FF4596641CB90B260052579B /* JenkinsDemo */ = {
			isa = PBXNativeTarget;
			buildConfigurationList = FF4596791CB90B270052579B /* Build configuration list for PBXNativeTarget "JenkinsDemo" */;
			buildPhases = (
				FF4596611CB90B260052579B /* Sources */,
				FF4596621CB90B260052579B /* Frameworks */,
				FF4596631CB90B260052579B /* Resources */,
			);
			buildRules = (
			);
			dependencies = (
			);
			name = JenkinsDemo;
			productName = JenkinsDemo;
			productReference = FF4596651CB90B260052579B /* JenkinsDemo.app */;
			productType = "com.apple.product-type.application";
		};
/* End PBXNativeTarget section */

/* Begin PBXProject section */
		FF45965D1CB90B260052579B /* Project object */ = {
			isa = PBXProject;
			attributes = {
				LastSwiftUpdateCheck = 0730;
				LastUpgradeCheck = 0730;
				ORGANIZATIONNAME = Yongkang;
				TargetAttributes = {
					FF4596641CB90B260052579B = {
						CreatedOnToolsVersion = 7.3;
					};
				};
			};
			buildConfigurationList = FF4596601CB90B260052579B /* Build configuration list for PBXProject "JenkinsDemo" */;
			compatibilityVersion = "Xcode 3.2";
			developmentRegion = English;
			hasScannedForEncodings = 0;
			knownRegions = (
				en,
				Base,
			);
			mainGroup = FF45965C1CB90B260052579B;
			productRefGroup = FF4596661CB90B260052579B /* Products */;
			projectDirPath = "";
			projectRoot = "";
			targets = (
				FF4596641CB90B260052579B /* JenkinsDemo */,
			);
		};
/* End PBXProject section */

/* Begin PBXResourcesBuildPhase section */
		FF4596631CB90B260052579B /* Resources */ = {
			isa = PBXResourcesBuildPhase;
			buildActionMask = 2147483647;
			files = (
				FF4596751CB90B270052579B /* LaunchScreen.storyboard in Resources */,
				FF4596721CB90B270052579B /* Assets.xcassets in Resources */,
				FF4596701CB90B270052579B /* Main.storyboard in Resources */,
			);
			runOnlyForDeploymentPostprocessing = 0;
		};
/* End PBXResourcesBuildPhase section */

/* Begin PBXSourcesBuildPhase section */
		FF4596611CB90B260052579B /* Sources */ = {
			isa = PBXSourcesBuildPhase;
			buildActionMask = 2147483647;
			files = (
				FF45966D1CB90B270052579B /* DetailViewController.swift in Sources */,
				FF45966B1CB90B270052579B /* MasterViewController.swift in Sources */,
				FF4596691CB90B270052579B /* AppDelegate.swift in Sources */,
			);
			runOnlyForDeploymentPostprocessing = 0;
		};
/* End PBXSourcesBuildPhase section */

/* Begin PBXVariantGroup section */
		FF45966E1CB90B270052579B /* Main.storyboard */ = {
			isa = PBXVariantGroup;
			children = (
				FF45966F1CB90B270052579B /* Base */,
			);
			name = Main.storyboard;
			sourceTree = "<group>";
		};
		FF4596731CB90B270052579B /* LaunchScreen.storyboard */ = {
			isa = PBXVariantGroup;
			children = (
				FF4596741CB90B270052579B /* Base */,
			);
			name = LaunchScreen.storyboard;
			sourceTree = "<group>";
		};
/* End PBXVariantGroup section */

/* Begin XCBuildConfiguration section */
		FF4596771CB90B270052579B /* Debug */ = {
			isa = XCBuildConfiguration;
			buildSettings = {
				ALWAYS_SEARCH_USER_PATHS = NO;
				CLANG_ANALYZER_NONNULL = YES;
				CLANG_CXX_LANGUAGE_STANDARD = "gnu++0x";
				CLANG_CXX_LIBRARY = "libc++";
				CLANG_ENABLE_MODULES = YES;
				CLANG_ENABLE_OBJC_ARC = YES;
				CLANG_WARN_BOOL_CONVERSION = YES;
				CLANG_WARN_CONSTANT_CONVERSION = YES;
				CLANG_WARN_DIRECT_OBJC_ISA_USAGE = YES_ERROR;
				CLANG_WARN_EMPTY_BODY = YES;
				CLANG_WARN_ENUM_CONVERSION = YES;
				CLANG_WARN_INT_CONVERSION = YES;
				CLANG_WARN_OBJC_ROOT_CLASS = YES_ERROR;
				CLANG_WARN_UNREACHABLE_CODE = YES;
				CLANG_WARN__DUPLICATE_METHOD_MATCH = YES;
				"CODE_SIGN_IDENTITY[sdk=iphoneos*]" = "iPhone Developer";
				COPY_PHASE_STRIP = NO;
				DEBUG_INFORMATION_FORMAT = dwarf;
				ENABLE_STRICT_OBJC_MSGSEND = YES;
				ENABLE_TESTABILITY = YES;
				GCC_C_LANGUAGE_STANDARD = gnu99;
				GCC_DYNAMIC_NO_PIC = NO;
				GCC_NO_COMMON_BLOCKS = YES;
				GCC_OPTIMIZATION_LEVEL = 0;
				GCC_PREPROCESSOR_DEFINITIONS = (
					"DEBUG=1",
					"$(inherited)",
				);
				GCC_WARN_64_TO_32_BIT_CONVERSION = YES;
				GCC_WARN_ABOUT_RETURN_TYPE = YES_ERROR;
				GCC_WARN_UNDECLARED_SELECTOR = YES;
				GCC_WARN_UNINITIALIZED_AUTOS = YES_AGGRESSIVE;
				GCC_WARN_UNUSED_FUNCTION = YES;
				GCC_WARN_UNUSED_VARIABLE = YES;
				IPHONEOS_DEPLOYMENT_TARGET = 9.3;
				MTL_ENABLE_DEBUG_INFO = YES;
				ONLY_ACTIVE_ARCH = YES;
				SDKROOT = iphoneos;
				SWIFT_OPTIMIZATION_LEVEL = "-Onone";
			};
			name = Debug;
		};
		FF4596781CB90B270052579B /* Release */ = {
			isa = XCBuildConfiguration;
			buildSettings = {
				ALWAYS_SEARCH_USER_PATHS = NO;
				CLANG_ANALYZER_NONNULL = YES;
				CLANG_CXX_LANGUAGE_STANDARD = "gnu++0x";
				CLANG_CXX_LIBRARY = "libc++";
				CLANG_ENABLE_MODULES = YES;
				CLANG_ENABLE_OBJC_ARC = YES;
				CLANG_WARN_BOOL_CONVERSION = YES;
				CLANG_WARN_CONSTANT_CONVERSION = YES;
				CLANG_WARN_DIRECT_OBJC_ISA_USAGE = YES_ERROR;
				CLANG_WARN_EMPTY_BODY = YES;
				CLANG_WARN_ENUM_CONVERSION = YES;
				CLANG_WARN_INT_CONVERSION = YES;
				CLANG_WARN_OBJC_ROOT_CLASS = YES_ERROR;
				CLANG_WARN_UNREACHABLE_CODE = YES;
				CLANG_WARN__DUPLICATE_METHOD_MATCH = YES;
				"CODE_SIGN_IDENTITY[sdk=iphoneos*]" = "iPhone Developer";
				COPY_PHASE_STRIP = NO;
				DEBUG_INFORMATION_FORMAT = "dwarf-with-dsym";
				ENABLE_NS_ASSERTIONS = NO;
				ENABLE_STRICT_OBJC_MSGSEND = YES;
				GCC_C_LANGUAGE_STANDARD = gnu99;
				GCC_NO_COMMON_BLOCKS = YES;
				GCC_WARN_64_TO_32_BIT_CONVERSION = YES;
				GCC_WARN_ABOUT_RETURN_TYPE = YES_ERROR;
				GCC_WARN_UNDECLARED_SELECTOR = YES;
				GCC_WARN_UNINITIALIZED_AUTOS = YES_AGGRESSIVE;
				GCC_WARN_UNUSED_FUNCTION = YES;
				GCC_WARN_UNUSED_VARIABLE = YES;
				IPHONEOS_DEPLOYMENT_TARGET = 9.3;
				MTL_ENABLE_DEBUG_INFO = NO;
				SDKROOT = iphoneos;
				VALIDATE_PRODUCT = YES;
			};
			name = Release;
		};
		FF45967A1CB90B270052579B /* Debug */ = {
			isa = XCBuildConfiguration;
			buildSettings = {
				ASSETCATALOG_COMPILER_APPICON_NAME = AppIcon;
				INFOPLIST_FILE = JenkinsDemo/Info.plist;
				LD_RUNPATH_SEARCH_PATHS = "$(inherited) @executable_path/Frameworks";
				PRODUCT_BUNDLE_IDENTIFIER = com.leo.JenkinsDemo;
				PRODUCT_NAME = "$(TARGET_NAME)";
			};
			name = Debug;
		};
		FF45967B1CB90B270052579B /* Release */ = {
			isa = XCBuildConfiguration;
			buildSettings = {
				ASSETCATALOG_COMPILER_APPICON_NAME = AppIcon;
				INFOPLIST_FILE = JenkinsDemo/Info.plist;
				LD_RUNPATH_SEARCH_PATHS = "$(inherited) @executable_path/Frameworks";
				PRODUCT_BUNDLE_IDENTIFIER = com.leo.JenkinsDemo;
				PRODUCT_NAME = "$(TARGET_NAME)";
			};
			name = Release;
		};
/* End XCBuildConfiguration section */

/* Begin XCConfigurationList section */
		FF4596601CB90B260052579B /* Build configuration list for PBXProject "JenkinsDemo" */ = {
			isa = XCConfigurationList;
			buildConfigurations = (
				FF4596771CB90B270052579B /* Debug */,
				FF4596781CB90B270052579B /* Release */,
			);
			defaultConfigurationIsVisible = 0;
			defaultConfigurationName = Release;
		};
		FF4596791CB90B270052579B /* Build configuration list for PBXNativeTarget "JenkinsDemo" */ = {
			isa = XCConfigurationList;
			buildConfigurations = (
				FF45967A1CB90B270052579B /* Debug */,
				FF45967B1CB90B270052579B /* Release */,
			);
			defaultConfigurationIsVisible = 0;
		};
/* End XCConfigurationList section */
	};
	rootObject = FF45965D1CB90B260052579B /* Project object */;
}
